
Microsoft Visual Studio Solution File, Format Version 12.00
# Visual Studio Version 16
VisualStudioVersion = 16.0.33423.256
MinimumVisualStudioVersion = 10.0.40219.1
Project("{FAE04EC0-301F-11D3-BF4B-00C04F79EFBC}") = "EventHandlerPrac3-2", "EventHandlerPrac3-2.csproj", "{98BAA08D-4F48-43D0-81AE-955B4B470F43}"
EndProject
Global
	GlobalSection(SolutionConfigurationPlatforms) = preSolution
		Debug|Any CPU = Debug|Any CPU
		Release|Any CPU = Release|Any CPU
	EndGlobalSection
	GlobalSection(ProjectConfigurationPlatforms) = postSolution
		{98BAA08D-4F48-43D0-81AE-955B4B470F43}.Debug|Any CPU.ActiveCfg = Debug|Any CPU
		{98BAA08D-4F48-43D0-81AE-955B4B470F43}.Debug|Any CPU.Build.0 = Debug|Any CPU
		{98BAA08D-4F48-43D0-81AE-955B4B470F43}.Release|Any CPU.ActiveCfg = Release|Any CPU
		{98BAA08D-4F48-43D0-81AE-955B4B470F43}.Release|Any CPU.Build.0 = Release|Any CPU
	EndGlobalSection
	GlobalSection(SolutionProperties) = preSolution
		HideSolutionNode = FALSE
	EndGlobalSection
	GlobalSection(ExtensibilityGlobals) = postSolution
		SolutionGuid = {294573D0-CF31-4A4C-89EE-A8BE75955AB3}
	EndGlobalSection
EndGlobal
